// !$*UTF8*$!
{
	archiveVersion = 1;
	classes = {
	};
	objectVersion = 45;
	objects = {

/* Begin PBXBuildFile section */
		1DDD58160DA1D0A300B32029 /* MainMenu.xib in Resources */ = {isa = PBXBuildFile; fileRef = 1DDD58140DA1D0A300B32029 /* MainMenu.xib */; };
		256AC3DA0F4B6AC300CF3369 /* NSDrawNinePartImageStudyAppDelegate.m in Sources */ = {isa = PBXBuildFile; fileRef = 256AC3D90F4B6AC300CF3369 /* NSDrawNinePartImageStudyAppDelegate.m */; };
		4C548C1210E17DDF0071E3AE /* CustomView.m in Sources */ = {isa = PBXBuildFile; fileRef = 4C548C1110E17DDF0071E3AE /* CustomView.m */; };
		4C548C5C10E1816B0071E3AE /* frame_bottom_left.png in Resources */ = {isa = PBXBuildFile; fileRef = 4C548C5310E1816B0071E3AE /* frame_bottom_left.png */; };
		4C548C5D10E1816B0071E3AE /* frame_bottom_mid.png in Resources */ = {isa = PBXBuildFile; fileRef = 4C548C5410E1816B0071E3AE /* frame_bottom_mid.png */; };
		4C548C5E10E1816B0071E3AE /* frame_bottom_right.png in Resources */ = {isa = PBXBuildFile; fileRef = 4C548C5510E1816B0071E3AE /* frame_bottom_right.png */; };
		4C548C5F10E1816B0071E3AE /* frame_mid_left.png in Resources */ = {isa = PBXBuildFile; fileRef = 4C548C5610E1816B0071E3AE /* frame_mid_left.png */; };
		4C548C6010E1816B0071E3AE /* frame_mid_mid.png in Resources */ = {isa = PBXBuildFile; fileRef = 4C548C5710E1816B0071E3AE /* frame_mid_mid.png */; };
		4C548C6110E1816B0071E3AE /* frame_mid_right.png in Resources */ = {isa = PBXBuildFile; fileRef = 4C548C5810E1816B0071E3AE /* frame_mid_right.png */; };
		4C548C6210E1816B0071E3AE /* frame_top_left.png in Resources */ = {isa = PBXBuildFile; fileRef = 4C548C5910E1816B0071E3AE /* frame_top_left.png */; };
		4C548C6310E1816B0071E3AE /* frame_top_mid.png in Resources */ = {isa = PBXBuildFile; fileRef = 4C548C5A10E1816B0071E3AE /* frame_top_mid.png */; };
		4C548C6410E1816B0071E3AE /* frame_top_right.png in Resources */ = {isa = PBXBuildFile; fileRef = 4C548C5B10E1816B0071E3AE /* frame_top_right.png */; };
		8D11072B0486CEB800E47090 /* InfoPlist.strings in Resources */ = {isa = PBXBuildFile; fileRef = 089C165CFE840E0CC02AAC07 /* InfoPlist.strings */; };
		8D11072D0486CEB800E47090 /* main.m in Sources */ = {isa = PBXBuildFile; fileRef = 29B97316FDCFA39411CA2CEA /* main.m */; settings = {ATTRIBUTES = (); }; };
		8D11072F0486CEB800E47090 /* Cocoa.framework in Frameworks */ = {isa = PBXBuildFile; fileRef = 1058C7A1FEA54F0111CA2CBB /* Cocoa.framework */; };
/* End PBXBuildFile section */

/* Begin PBXFileReference section */
		089C165DFE840E0CC02AAC07 /* English */ = {isa = PBXFileReference; fileEncoding = 4; lastKnownFileType = text.plist.strings; name = English; path = English.lproj/InfoPlist.strings; sourceTree = "<group>"; };
		1058C7A1FEA54F0111CA2CBB /* Cocoa.framework */ = {isa = PBXFileReference; lastKnownFileType = wrapper.framework; name = Cocoa.framework; path = /System/Library/Frameworks/Cocoa.framework; sourceTree = "<absolute>"; };
		13E42FB307B3F0F600E4EEF1 /* CoreData.framework */ = {isa = PBXFileReference; lastKnownFileType = wrapper.framework; name = CoreData.framework; path = /System/Library/Frameworks/CoreData.framework; sourceTree = "<absolute>"; };
		1DDD58150DA1D0A300B32029 /* English */ = {isa = PBXFileReference; lastKnownFileType = file.xib; name = English; path = English.lproj/MainMenu.xib; sourceTree = "<group>"; };
		256AC3D80F4B6AC300CF3369 /* NSDrawNinePartImageStudyAppDelegate.h */ = {isa = PBXFileReference; fileEncoding = 4; lastKnownFileType = sourcecode.c.h; path = NSDrawNinePartImageStudyAppDelegate.h; sourceTree = "<group>"; };
		256AC3D90F4B6AC300CF3369 /* NSDrawNinePartImageStudyAppDelegate.m */ = {isa = PBXFileReference; fileEncoding = 4; lastKnownFileType = sourcecode.c.objc; path = NSDrawNinePartImageStudyAppDelegate.m; sourceTree = "<group>"; };
		256AC3F00F4B6AF500CF3369 /* NSDrawNinePartImageStudy_Prefix.pch */ = {isa = PBXFileReference; fileEncoding = 4; lastKnownFileType = sourcecode.c.h; path = NSDrawNinePartImageStudy_Prefix.pch; sourceTree = "<group>"; };
		29B97316FDCFA39411CA2CEA /* main.m */ = {isa = PBXFileReference; fileEncoding = 4; lastKnownFileType = sourcecode.c.objc; path = main.m; sourceTree = "<group>"; };
		29B97324FDCFA39411CA2CEA /* AppKit.framework */ = {isa = PBXFileReference; lastKnownFileType = wrapper.framework; name = AppKit.framework; path = /System/Library/Frameworks/AppKit.framework; sourceTree = "<absolute>"; };
		29B97325FDCFA39411CA2CEA /* Foundation.framework */ = {isa = PBXFileReference; lastKnownFileType = wrapper.framework; name = Foundation.framework; path = /System/Library/Frameworks/Foundation.framework; sourceTree = "<absolute>"; };
		4C548C1010E17DDF0071E3AE /* CustomView.h */ = {isa = PBXFileReference; fileEncoding = 4; lastKnownFileType = sourcecode.c.h; path = CustomView.h; sourceTree = "<group>"; };
		4C548C1110E17DDF0071E3AE /* CustomView.m */ = {isa = PBXFileReference; fileEncoding = 4; lastKnownFileType = sourcecode.c.objc; path = CustomView.m; sourceTree = "<group>"; };
		4C548C5310E1816B0071E3AE /* frame_bottom_left.png */ = {isa = PBXFileReference; lastKnownFileType = image.png; path = frame_bottom_left.png; sourceTree = "<group>"; };
		4C548C5410E1816B0071E3AE /* frame_bottom_mid.png */ = {isa = PBXFileReference; lastKnownFileType = image.png; path = frame_bottom_mid.png; sourceTree = "<group>"; };
		4C548C5510E1816B0071E3AE /* frame_bottom_right.png */ = {isa = PBXFileReference; lastKnownFileType = image.png; path = frame_bottom_right.png; sourceTree = "<group>"; };
		4C548C5610E1816B0071E3AE /* frame_mid_left.png */ = {isa = PBXFileReference; lastKnownFileType = image.png; path = frame_mid_left.png; sourceTree = "<group>"; };
		4C548C5710E1816B0071E3AE /* frame_mid_mid.png */ = {isa = PBXFileReference; lastKnownFileType = image.png; path = frame_mid_mid.png; sourceTree = "<group>"; };
		4C548C5810E1816B0071E3AE /* frame_mid_right.png */ = {isa = PBXFileReference; lastKnownFileType = image.png; path = frame_mid_right.png; sourceTree = "<group>"; };
		4C548C5910E1816B0071E3AE /* frame_top_left.png */ = {isa = PBXFileReference; lastKnownFileType = image.png; path = frame_top_left.png; sourceTree = "<group>"; };
		4C548C5A10E1816B0071E3AE /* frame_top_mid.png */ = {isa = PBXFileReference; lastKnownFileType = image.png; path = frame_top_mid.png; sourceTree = "<group>"; };
		4C548C5B10E1816B0071E3AE /* frame_top_right.png */ = {isa = PBXFileReference; lastKnownFileType = image.png; path = frame_top_right.png; sourceTree = "<group>"; };
		8D1107310486CEB800E47090 /* NSDrawNinePartImageStudy-Info.plist */ = {isa = PBXFileReference; fileEncoding = 4; lastKnownFileType = text.plist.xml; path = "NSDrawNinePartImageStudy-Info.plist"; sourceTree = "<group>"; };
		8D1107320486CEB800E47090 /* NSDrawNinePartImageStudy.app */ = {isa = PBXFileReference; explicitFileType = wrapper.application; includeInIndex = 0; path = NSDrawNinePartImageStudy.app; sourceTree = BUILT_PRODUCTS_DIR; };
/* End PBXFileReference section */

/* Begin PBXFrameworksBuildPhase section */
		8D11072E0486CEB800E47090 /* Frameworks */ = {
			isa = PBXFrameworksBuildPhase;
			buildActionMask = 2147483647;
			files = (
				8D11072F0486CEB800E47090 /* Cocoa.framework in Frameworks */,
			);
			runOnlyForDeploymentPostprocessing = 0;
		};
/* End PBXFrameworksBuildPhase section */

/* Begin PBXGroup section */
		080E96DDFE201D6D7F000001 /* Classes */ = {
			isa = PBXGroup;
			children = (
				4C548C1010E17DDF0071E3AE /* CustomView.h */,
				4C548C1110E17DDF0071E3AE /* CustomView.m */,
				256AC3D80F4B6AC300CF3369 /* NSDrawNinePartImageStudyAppDelegate.h */,
				256AC3D90F4B6AC300CF3369 /* NSDrawNinePartImageStudyAppDelegate.m */,
			);
			name = Classes;
			sourceTree = "<group>";
		};
		1058C7A0FEA54F0111CA2CBB /* Linked Frameworks */ = {
			isa = PBXGroup;
			children = (
				1058C7A1FEA54F0111CA2CBB /* Cocoa.framework */,
			);
			name = "Linked Frameworks";
			sourceTree = "<group>";
		};
		1058C7A2FEA54F0111CA2CBB /* Other Frameworks */ = {
			isa = PBXGroup;
			children = (
				29B97324FDCFA39411CA2CEA /* AppKit.framework */,
				13E42FB307B3F0F600E4EEF1 /* CoreData.framework */,
				29B97325FDCFA39411CA2CEA /* Foundation.framework */,
			);
			name = "Other Frameworks";
			sourceTree = "<group>";
		};
		19C28FACFE9D520D11CA2CBB /* Products */ = {
			isa = PBXGroup;
			children = (
				8D1107320486CEB800E47090 /* NSDrawNinePartImageStudy.app */,
			);
			name = Products;
			sourceTree = "<group>";
		};
		29B97314FDCFA39411CA2CEA /* NSDrawNinePartImageStudy */ = {
			isa = PBXGroup;
			children = (
				080E96DDFE201D6D7F000001 /* Classes */,
				29B97315FDCFA39411CA2CEA /* Other Sources */,
				29B97317FDCFA39411CA2CEA /* Resources */,
				29B97323FDCFA39411CA2CEA /* Frameworks */,
				19C28FACFE9D520D11CA2CBB /* Products */,
			);
			name = NSDrawNinePartImageStudy;
			sourceTree = "<group>";
		};
		29B97315FDCFA39411CA2CEA /* Other Sources */ = {
			isa = PBXGroup;
			children = (
				256AC3F00F4B6AF500CF3369 /* NSDrawNinePartImageStudy_Prefix.pch */,
				29B97316FDCFA39411CA2CEA /* main.m */,
			);
			name = "Other Sources";
			sourceTree = "<group>";
		};
		29B97317FDCFA39411CA2CEA /* Resources */ = {
			isa = PBXGroup;
			children = (
				4C548C5310E1816B0071E3AE /* frame_bottom_left.png */,
				4C548C5410E1816B0071E3AE /* frame_bottom_mid.png */,
				4C548C5510E1816B0071E3AE /* frame_bottom_right.png */,
				4C548C5610E1816B0071E3AE /* frame_mid_left.png */,
				4C548C5710E1816B0071E3AE /* frame_mid_mid.png */,
				4C548C5810E1816B0071E3AE /* frame_mid_right.png */,
				4C548C5910E1816B0071E3AE /* frame_top_left.png */,
				4C548C5A10E1816B0071E3AE /* frame_top_mid.png */,
				4C548C5B10E1816B0071E3AE /* frame_top_right.png */,
				8D1107310486CEB800E47090 /* NSDrawNinePartImageStudy-Info.plist */,
				089C165CFE840E0CC02AAC07 /* InfoPlist.strings */,
				1DDD58140DA1D0A300B32029 /* MainMenu.xib */,
			);
			name = Resources;
			sourceTree = "<group>";
		};
		29B97323FDCFA39411CA2CEA /* Frameworks */ = {
			isa = PBXGroup;
			children = (
				1058C7A0FEA54F0111CA2CBB /* Linked Frameworks */,
				1058C7A2FEA54F0111CA2CBB /* Other Frameworks */,
			);
			name = Frameworks;
			sourceTree = "<group>";
		};
/* End PBXGroup section */

/* Begin PBXNativeTarget section */
		8D1107260486CEB800E47090 /* NSDrawNinePartImageStudy */ = {
			isa = PBXNativeTarget;
			buildConfigurationList = C01FCF4A08A954540054247B /* Build configuration list for PBXNativeTarget "NSDrawNinePartImageStudy" */;
			buildPhases = (
				8D1107290486CEB800E47090 /* Resources */,
				8D11072C0486CEB800E47090 /* Sources */,
				8D11072E0486CEB800E47090 /* Frameworks */,
			);
			buildRules = (
			);
			dependencies = (
			);
			name = NSDrawNinePartImageStudy;
			productInstallPath = "$(HOME)/Applications";
			productName = NSDrawNinePartImageStudy;
			productReference = 8D1107320486CEB800E47090 /* NSDrawNinePartImageStudy.app */;
			productType = "com.apple.product-type.application";
		};
/* End PBXNativeTarget section */

/* Begin PBXProject section */
		29B97313FDCFA39411CA2CEA /* Project object */ = {
			isa = PBXProject;
			buildConfigurationList = C01FCF4E08A954540054247B /* Build configuration list for PBXProject "NSDrawNinePartImageStudy" */;
			compatibilityVersion = "Xcode 3.1";
			hasScannedForEncodings = 1;
			mainGroup = 29B97314FDCFA39411CA2CEA /* NSDrawNinePartImageStudy */;
			projectDirPath = "";
			projectRoot = "";
			targets = (
				8D1107260486CEB800E47090 /* NSDrawNinePartImageStudy */,
			);
		};
/* End PBXProject section */

/* Begin PBXResourcesBuildPhase section */
		8D1107290486CEB800E47090 /* Resources */ = {
			isa = PBXResourcesBuildPhase;
			buildActionMask = 2147483647;
			files = (
				8D11072B0486CEB800E47090 /* InfoPlist.strings in Resources */,
				1DDD58160DA1D0A300B32029 /* MainMenu.xib in Resources */,
				4C548C5C10E1816B0071E3AE /* frame_bottom_left.png in Resources */,
				4C548C5D10E1816B0071E3AE /* frame_bottom_mid.png in Resources */,
				4C548C5E10E1816B0071E3AE /* frame_bottom_right.png in Resources */,
				4C548C5F10E1816B0071E3AE /* frame_mid_left.png in Resources */,
				4C548C6010E1816B0071E3AE /* frame_mid_mid.png in Resources */,
				4C548C6110E1816B0071E3AE /* frame_mid_right.png in Resources */,
				4C548C6210E1816B0071E3AE /* frame_top_left.png in Resources */,
				4C548C6310E1816B0071E3AE /* frame_top_mid.png in Resources */,
				4C548C6410E1816B0071E3AE /* frame_top_right.png in Resources */,
			);
			runOnlyForDeploymentPostprocessing = 0;
		};
/* End PBXResourcesBuildPhase section */

/* Begin PBXSourcesBuildPhase section */
		8D11072C0486CEB800E47090 /* Sources */ = {
			isa = PBXSourcesBuildPhase;
			buildActionMask = 2147483647;
			files = (
				8D11072D0486CEB800E47090 /* main.m in Sources */,
				256AC3DA0F4B6AC300CF3369 /* NSDrawNinePartImageStudyAppDelegate.m in Sources */,
				4C548C1210E17DDF0071E3AE /* CustomView.m in Sources */,
			);
			runOnlyForDeploymentPostprocessing = 0;
		};
/* End PBXSourcesBuildPhase section */

/* Begin PBXVariantGroup section */
		089C165CFE840E0CC02AAC07 /* InfoPlist.strings */ = {
			isa = PBXVariantGroup;
			children = (
				089C165DFE840E0CC02AAC07 /* English */,
			);
			name = InfoPlist.strings;
			sourceTree = "<group>";
		};
		1DDD58140DA1D0A300B32029 /* MainMenu.xib */ = {
			isa = PBXVariantGroup;
			children = (
				1DDD58150DA1D0A300B32029 /* English */,
			);
			name = MainMenu.xib;
			sourceTree = "<group>";
		};
/* End PBXVariantGroup section */

/* Begin XCBuildConfiguration section */
		C01FCF4B08A954540054247B /* Debug */ = {
			isa = XCBuildConfiguration;
			buildSettings = {
				ALWAYS_SEARCH_USER_PATHS = NO;
				COPY_PHASE_STRIP = NO;
				GCC_DYNAMIC_NO_PIC = NO;
				GCC_ENABLE_FIX_AND_CONTINUE = YES;
				GCC_MODEL_TUNING = G5;
				GCC_OPTIMIZATION_LEVEL = 0;
				GCC_PRECOMPILE_PREFIX_HEADER = YES;
				GCC_PREFIX_HEADER = NSDrawNinePartImageStudy_Prefix.pch;
				INFOPLIST_FILE = "NSDrawNinePartImageStudy-Info.plist";
				INSTALL_PATH = "$(HOME)/Applications";
				PRODUCT_NAME = NSDrawNinePartImageStudy;
			};
			name = Debug;
		};
		C01FCF4C08A954540054247B /* Release */ = {
			isa = XCBuildConfiguration;
			buildSettings = {
				ALWAYS_SEARCH_USER_PATHS = NO;
				DEBUG_INFORMATION_FORMAT = "dwarf-with-dsym";
				GCC_MODEL_TUNING = G5;
				GCC_PRECOMPILE_PREFIX_HEADER = YES;
				GCC_PREFIX_HEADER = NSDrawNinePartImageStudy_Prefix.pch;
				INFOPLIST_FILE = "NSDrawNinePartImageStudy-Info.plist";
				INSTALL_PATH = "$(HOME)/Applications";
				PRODUCT_NAME = NSDrawNinePartImageStudy;
			};
			name = Release;
		};
		C01FCF4F08A954540054247B /* Debug */ = {
			isa = XCBuildConfiguration;
			buildSettings = {
				ARCHS = "$(ARCHS_STANDARD_32_64_BIT)";
				GCC_C_LANGUAGE_STANDARD = gnu99;
				GCC_OPTIMIZATION_LEVEL = 0;
				GCC_WARN_ABOUT_RETURN_TYPE = YES;
				GCC_WARN_UNUSED_VARIABLE = YES;
				ONLY_ACTIVE_ARCH = YES;
				PREBINDING = NO;
				SDKROOT = macosx10.6;
			};
			name = Debug;
		};
		C01FCF5008A954540054247B /* Release */ = {
			isa = XCBuildConfiguration;
			buildSettings = {
				ARCHS = "$(ARCHS_STANDARD_32_64_BIT)";
				GCC_C_LANGUAGE_STANDARD = gnu99;
				GCC_WARN_ABOUT_RETURN_TYPE = YES;
				GCC_WARN_UNUSED_VARIABLE = YES;
				PREBINDING = NO;
				SDKROOT = macosx10.6;
			};
			name = Release;
		};
/* End XCBuildConfiguration section */

/* Begin XCConfigurationList section */
		C01FCF4A08A954540054247B /* Build configuration list for PBXNativeTarget "NSDrawNinePartImageStudy" */ = {
			isa = XCConfigurationList;
			buildConfigurations = (
				C01FCF4B08A954540054247B /* Debug */,
				C01FCF4C08A954540054247B /* Release */,
			);
			defaultConfigurationIsVisible = 0;
			defaultConfigurationName = Release;
		};
		C01FCF4E08A954540054247B /* Build configuration list for PBXProject "NSDrawNinePartImageStudy" */ = {
			isa = XCConfigurationList;
			buildConfigurations = (
				C01FCF4F08A954540054247B /* Debug */,
				C01FCF5008A954540054247B /* Release */,
			);
			defaultConfigurationIsVisible = 0;
			defaultConfigurationName = Release;
		};
/* End XCConfigurationList section */
	};
	rootObject = 29B97313FDCFA39411CA2CEA /* Project object */;
}
